
Microsoft Visual Studio Solution File, Format Version 12.00
# Visual Studio Version 17
VisualStudioVersion = 17.14.36109.1 d17.14
MinimumVisualStudioVersion = 10.0.40219.1
Project("{FAE04EC0-301F-11D3-BF4B-00C04F79EFBC}") = "CookingLovers.UI", "CookingLovers.UI.csproj", "{1DD6F85E-E32D-4338-AF33-9767A9E3F0FD}"
EndProject
Project("{FAE04EC0-301F-11D3-BF4B-00C04F79EFBC}") = "CookingLovers.Models", "..\CookingLovers.Models\CookingLovers.Models.csproj", "{833D2338-856A-4D73-997C-AC1510266A30}"
EndProject
Project("{FAE04EC0-301F-11D3-BF4B-00C04F79EFBC}") = "CookingLovers.DAL", "..\CookingLovers.DAL\CookingLovers.DAL.csproj", "{1EF84C13-1179-456B-B4ED-835FE8332078}"
EndProject
Project("{FAE04EC0-301F-11D3-BF4B-00C04F79EFBC}") = "CookingLovers.BLL", "..\CookingLovers.BLL\CookingLovers.BLL.csproj", "{6F8CCF1E-8789-4CCC-BA58-D9ACB441C47B}"
EndProject
Global
	GlobalSection(SolutionConfigurationPlatforms) = preSolution
		Debug|Any CPU = Debug|Any CPU
		Release|Any CPU = Release|Any CPU
	EndGlobalSection
	GlobalSection(ProjectConfigurationPlatforms) = postSolution
		{1DD6F85E-E32D-4338-AF33-9767A9E3F0FD}.Debug|Any CPU.ActiveCfg = Debug|Any CPU
		{1DD6F85E-E32D-4338-AF33-9767A9E3F0FD}.Debug|Any CPU.Build.0 = Debug|Any CPU
		{1DD6F85E-E32D-4338-AF33-9767A9E3F0FD}.Release|Any CPU.ActiveCfg = Release|Any CPU
		{1DD6F85E-E32D-4338-AF33-9767A9E3F0FD}.Release|Any CPU.Build.0 = Release|Any CPU
		{833D2338-856A-4D73-997C-AC1510266A30}.Debug|Any CPU.ActiveCfg = Debug|Any CPU
		{833D2338-856A-4D73-997C-AC1510266A30}.Debug|Any CPU.Build.0 = Debug|Any CPU
		{833D2338-856A-4D73-997C-AC1510266A30}.Release|Any CPU.ActiveCfg = Release|Any CPU
		{833D2338-856A-4D73-997C-AC1510266A30}.Release|Any CPU.Build.0 = Release|Any CPU
		{1EF84C13-1179-456B-B4ED-835FE8332078}.Debug|Any CPU.ActiveCfg = Debug|Any CPU
		{1EF84C13-1179-456B-B4ED-835FE8332078}.Debug|Any CPU.Build.0 = Debug|Any CPU
		{1EF84C13-1179-456B-B4ED-835FE8332078}.Release|Any CPU.ActiveCfg = Release|Any CPU
		{1EF84C13-1179-456B-B4ED-835FE8332078}.Release|Any CPU.Build.0 = Release|Any CPU
		{6F8CCF1E-8789-4CCC-BA58-D9ACB441C47B}.Debug|Any CPU.ActiveCfg = Debug|Any CPU
		{6F8CCF1E-8789-4CCC-BA58-D9ACB441C47B}.Debug|Any CPU.Build.0 = Debug|Any CPU
		{6F8CCF1E-8789-4CCC-BA58-D9ACB441C47B}.Release|Any CPU.ActiveCfg = Release|Any CPU
		{6F8CCF1E-8789-4CCC-BA58-D9ACB441C47B}.Release|Any CPU.Build.0 = Release|Any CPU
	EndGlobalSection
	GlobalSection(SolutionProperties) = preSolution
		HideSolutionNode = FALSE
	EndGlobalSection
	GlobalSection(ExtensibilityGlobals) = postSolution
		SolutionGuid = {0E1FBBBA-743F-4816-8CB4-E3B5668DB501}
	EndGlobalSection
EndGlobal
